<?xml version="1.0" encoding="utf-8"?>
<Project ToolsVersion="4.0" xmlns="http://schemas.microsoft.com/developer/msbuild/2003">
  <ItemGroup>
    <Filter Include="Source Files">
      <UniqueIdentifier>{4FC737F1-C7A5-4376-A066-2A32D752A2FF}</UniqueIdentifier>
      <Extensions>cpp;c;cc;cxx;def;odl;idl;hpj;bat;asm;asmx</Extensions>
    </Filter>
    <Filter Include="Header Files">
      <UniqueIdentifier>{93995380-89BD-4b04-88EB-625FBE52EBFB}</UniqueIdentifier>
      <Extensions>h;hpp;hxx;hm;inl;inc;xsd</Extensions>
    </Filter>
    <Filter Include="Resource Files">
      <UniqueIdentifier>{67DA6AB6-F800-4c08-8B7A-83BB121AAD01}</UniqueIdentifier>
      <Extensions>rc;ico;cur;bmp;dlg;rc2;rct;bin;rgs;gif;jpg;jpeg;jpe;resx;tiff;tif;png;wav;mfcribbon-ms</Extensions>
    </Filter>
  </ItemGroup>
  <ItemGroup>
    <None Include="ReadMe.txt" />
    <None Include="CGTutorial.reg" />
    <None Include="res\file_view.ico">
      <Filter>Resource Files</Filter>
    </None>
    <None Include="res\file_view_hc.ico">
      <Filter>Resource Files</Filter>
    </None>
    <None Include="res\class_view.ico">
      <Filter>Resource Files</Filter>
    </None>
    <None Include="res\class_view_hc.ico">
      <Filter>Resource Files</Filter>
    </None>
    <None Include="res\fileview.bmp">
      <Filter>Resource Files</Filter>
    </None>
    <None Include="res\fileview_hc.bmp">
      <Filter>Resource Files</Filter>
    </None>
    <None Include="res\classview.bmp">
      <Filter>Resource Files</Filter>
    </None>
    <None Include="res\classview_hc.bmp">
      <Filter>Resource Files</Filter>
    </None>
    <None Include="res\explorer.bmp">
      <Filter>Resource Files</Filter>
    </None>
    <None Include="res\explorer_hc.bmp">
      <Filter>Resource Files</Filter>
    </None>
    <None Include="res\sort.bmp">
      <Filter>Resource Files</Filter>
    </None>
    <None Include="res\sort_hc.bmp">
      <Filter>Resource Files</Filter>
    </None>
    <None Include="res\menuimages.bmp">
      <Filter>Resource Files</Filter>
    </None>
    <None Include="res\menuimages_hc.bmp">
      <Filter>Resource Files</Filter>
    </None>
    <None Include="res\buttons.bmp">
      <Filter>Resource Files</Filter>
    </None>
    <None Include="res\filelarge.bmp">
      <Filter>Resource Files</Filter>
    </None>
    <None Include="res\filesmall.bmp">
      <Filter>Resource Files</Filter>
    </None>
    <None Include="res\main.bmp">
      <Filter>Resource Files</Filter>
    </None>
    <None Include="res\writelarge.bmp">
      <Filter>Resource Files</Filter>
    </None>
    <None Include="res\writesmall.bmp">
      <Filter>Resource Files</Filter>
    </None>
    <None Include="res\ribbon.mfcribbon-ms">
      <Filter>Resource Files</Filter>
    </None>
    <None Include="res\CGTutorial.rc2">
      <Filter>Resource Files</Filter>
    </None>
    <None Include="res\CGTutorialDoc.ico">
      <Filter>Resource Files</Filter>
    </None>
    <None Include="res\CGTutorial.ico">
      <Filter>Resource Files</Filter>
    </None>
    <None Include="res\Toolbar.bmp">
      <Filter>Resource Files</Filter>
    </None>
    <None Include="res\Toolbar256.bmp">
      <Filter>Resource Files</Filter>
    </None>
  </ItemGroup>
  <ItemGroup>
    <ClInclude Include="CGTutorial.h">
      <Filter>Header Files</Filter>
    </ClInclude>
    <ClInclude Include="stdafx.h">
      <Filter>Header Files</Filter>
    </ClInclude>
    <ClInclude Include="targetver.h">
      <Filter>Header Files</Filter>
    </ClInclude>
    <ClInclude Include="MainFrm.h">
      <Filter>Header Files</Filter>
    </ClInclude>
    <ClInclude Include="CGTutorialDoc.h">
      <Filter>Header Files</Filter>
    </ClInclude>
    <ClInclude Include="CGTutorialView.h">
      <Filter>Header Files</Filter>
    </ClInclude>
    <ClInclude Include="Resource.h">
      <Filter>Header Files</Filter>
    </ClInclude>
    <ClInclude Include="FileView.h">
      <Filter>Header Files</Filter>
    </ClInclude>
    <ClInclude Include="ViewTree.h">
      <Filter>Header Files</Filter>
    </ClInclude>
    <ClInclude Include="OpenGLNode.h">
      <Filter>Header Files</Filter>
    </ClInclude>
    <ClInclude Include="HomoPoint.h">
      <Filter>Header Files</Filter>
    </ClInclude>
    <ClInclude Include="Environment.h">
      <Filter>Header Files</Filter>
    </ClInclude>
    <ClInclude Include="Camera.h">
      <Filter>Header Files</Filter>
    </ClInclude>
    <ClInclude Include="Projection.h">
      <Filter>Header Files</Filter>
    </ClInclude>
    <ClInclude Include="ViewPort.h">
      <Filter>Header Files</Filter>
    </ClInclude>
    <ClInclude Include="Geometric.h">
      <Filter>Header Files</Filter>
    </ClInclude>
    <ClInclude Include="Line.h">
      <Filter>Header Files</Filter>
    </ClInclude>
    <ClInclude Include="Point4D.h">
      <Filter>Header Files</Filter>
    </ClInclude>
    <ClInclude Include="Rectangle.h">
      <Filter>Header Files</Filter>
    </ClInclude>
    <ClInclude Include="Transformation.h">
      <Filter>Header Files</Filter>
    </ClInclude>
    <ClInclude Include="Rotate.h">
      <Filter>Header Files</Filter>
    </ClInclude>
    <ClInclude Include="Scale.h">
      <Filter>Header Files</Filter>
    </ClInclude>
    <ClInclude Include="Translate.h">
      <Filter>Header Files</Filter>
    </ClInclude>
    <ClInclude Include="Color.h">
      <Filter>Header Files</Filter>
    </ClInclude>
    <ClInclude Include="DlgProjection.h">
      <Filter>Header Files</Filter>
    </ClInclude>
    <ClInclude Include="DlgRotate.h">
      <Filter>Header Files</Filter>
    </ClInclude>
    <ClInclude Include="DlgScale.h">
      <Filter>Header Files</Filter>
    </ClInclude>
    <ClInclude Include="DlgTranslate.h">
      <Filter>Header Files</Filter>
    </ClInclude>
    <ClInclude Include="DlgCamera.h">
      <Filter>Header Files</Filter>
    </ClInclude>
    <ClInclude Include="DlgPoint.h">
      <Filter>Header Files</Filter>
    </ClInclude>
    <ClInclude Include="DlgLine.h">
      <Filter>Header Files</Filter>
    </ClInclude>
    <ClInclude Include="DlgRectangle.h">
      <Filter>Header Files</Filter>
    </ClInclude>
    <ClInclude Include="DlgGenCode.h">
      <Filter>Header Files</Filter>
    </ClInclude>
    <ClInclude Include="DlgMatrixFormula.h">
      <Filter>Header Files</Filter>
    </ClInclude>
    <ClInclude Include="DlgMatrix.h">
      <Filter>Header Files</Filter>
    </ClInclude>
    <ClInclude Include="DlgModelMatrix.h">
      <Filter>Header Files</Filter>
    </ClInclude>
    <ClInclude Include="DlgViewMatrix.h">
      <Filter>Header Files</Filter>
    </ClInclude>
    <ClInclude Include="DlgProjectionMatrix.h">
      <Filter>Header Files</Filter>
    </ClInclude>
    <ClInclude Include="DlgModelMatrixGL.h">
      <Filter>Header Files</Filter>
    </ClInclude>
    <ClInclude Include="DlgViewMatrixGL.h">
      <Filter>Header Files</Filter>
    </ClInclude>
    <ClInclude Include="DlgProjectionMatrixGL.h">
      <Filter>Header Files</Filter>
    </ClInclude>
  </ItemGroup>
  <ItemGroup>
    <ClCompile Include="CGTutorial.cpp">
      <Filter>Source Files</Filter>
    </ClCompile>
    <ClCompile Include="stdafx.cpp">
      <Filter>Source Files</Filter>
    </ClCompile>
    <ClCompile Include="MainFrm.cpp">
      <Filter>Source Files</Filter>
    </ClCompile>
    <ClCompile Include="CGTutorialDoc.cpp">
      <Filter>Source Files</Filter>
    </ClCompile>
    <ClCompile Include="CGTutorialView.cpp">
      <Filter>Source Files</Filter>
    </ClCompile>
    <ClCompile Include="FileView.cpp">
      <Filter>Source Files</Filter>
    </ClCompile>
    <ClCompile Include="ViewTree.cpp">
      <Filter>Source Files</Filter>
    </ClCompile>
    <ClCompile Include="HomoPoint.cpp">
      <Filter>Source Files</Filter>
    </ClCompile>
    <ClCompile Include="DlgProjection.cpp">
      <Filter>Source Files</Filter>
    </ClCompile>
    <ClCompile Include="DlgRotate.cpp">
      <Filter>Source Files</Filter>
    </ClCompile>
    <ClCompile Include="DlgScale.cpp">
      <Filter>Source Files</Filter>
    </ClCompile>
    <ClCompile Include="DlgTranslate.cpp">
      <Filter>Source Files</Filter>
    </ClCompile>
    <ClCompile Include="DlgCamera.cpp">
      <Filter>Source Files</Filter>
    </ClCompile>
    <ClCompile Include="DlgPoint.cpp">
      <Filter>Source Files</Filter>
    </ClCompile>
    <ClCompile Include="DlgLine.cpp">
      <Filter>Source Files</Filter>
    </ClCompile>
    <ClCompile Include="DlgRectangle.cpp">
      <Filter>Source Files</Filter>
    </ClCompile>
    <ClCompile Include="DlgGenCode.cpp">
      <Filter>Source Files</Filter>
    </ClCompile>
    <ClCompile Include="DlgMatrixFormula.cpp">
      <Filter>Source Files</Filter>
    </ClCompile>
    <ClCompile Include="DlgMatrix.cpp">
      <Filter>Source Files</Filter>
    </ClCompile>
    <ClCompile Include="DlgModelMatrix.cpp">
      <Filter>Source Files</Filter>
    </ClCompile>
    <ClCompile Include="DlgViewMatrix.cpp">
      <Filter>Source Files</Filter>
    </ClCompile>
    <ClCompile Include="DlgProjectionMatrix.cpp">
      <Filter>Source Files</Filter>
    </ClCompile>
    <ClCompile Include="DlgModelMatrixGL.cpp">
      <Filter>Source Files</Filter>
    </ClCompile>
    <ClCompile Include="DlgViewMatrixGL.cpp">
      <Filter>Source Files</Filter>
    </ClCompile>
    <ClCompile Include="DlgProjectionMatrixGL.cpp">
      <Filter>Source Files</Filter>
    </ClCompile>
  </ItemGroup>
  <ItemGroup>
    <ResourceCompile Include="CGTutorial.rc">
      <Filter>Resource Files</Filter>
    </ResourceCompile>
  </ItemGroup>
</Project>